
Microsoft Visual Studio Solution File, Format Version 12.00
# Visual Studio 2012
Project("{FAE04EC0-301F-11D3-BF4B-00C04F79EFBC}") = "Interfaces", "Interfaces\Interfaces.csproj", "{DA1D3066-C1AD-4F2B-BDDB-58EB61F1A3CA}"
EndProject
Global
	GlobalSection(SolutionConfigurationPlatforms) = preSolution
		Debug|x86 = Debug|x86
		Release|x86 = Release|x86
	EndGlobalSection
	GlobalSection(ProjectConfigurationPlatforms) = postSolution
		{DA1D3066-C1AD-4F2B-BDDB-58EB61F1A3CA}.Debug|x86.ActiveCfg = Debug|x86
		{DA1D3066-C1AD-4F2B-BDDB-58EB61F1A3CA}.Debug|x86.Build.0 = Debug|x86
		{DA1D3066-C1AD-4F2B-BDDB-58EB61F1A3CA}.Release|x86.ActiveCfg = Release|x86
		{DA1D3066-C1AD-4F2B-BDDB-58EB61F1A3CA}.Release|x86.Build.0 = Release|x86
	EndGlobalSection
EndGlobal
